
Microsoft Visual Studio Solution File, Format Version 12.00
# Visual Studio Version 17
VisualStudioVersion = 17.3.32819.101
MinimumVisualStudioVersion = 10.0.40219.1
Project("{FAE04EC0-301F-11D3-BF4B-00C04F79EFBC}") = "SHVFS_P101_GD08_Q1_April", "SHVFS_P101_GD08_Q1_April\SHVFS_P101_GD08_Q1_April.csproj", "{E1B3495B-B11F-4397-9229-B6D7736BB375}"
EndProject
Global
	GlobalSection(SolutionConfigurationPlatforms) = preSolution
		Debug|Any CPU = Debug|Any CPU
		Release|Any CPU = Release|Any CPU
	EndGlobalSection
	GlobalSection(ProjectConfigurationPlatforms) = postSolution
		{E1B3495B-B11F-4397-9229-B6D7736BB375}.Debug|Any CPU.ActiveCfg = Debug|Any CPU
		{E1B3495B-B11F-4397-9229-B6D7736BB375}.Debug|Any CPU.Build.0 = Debug|Any CPU
		{E1B3495B-B11F-4397-9229-B6D7736BB375}.Release|Any CPU.ActiveCfg = Release|Any CPU
		{E1B3495B-B11F-4397-9229-B6D7736BB375}.Release|Any CPU.Build.0 = Release|Any CPU
	EndGlobalSection
	GlobalSection(SolutionProperties) = preSolution
		HideSolutionNode = FALSE
	EndGlobalSection
	GlobalSection(ExtensibilityGlobals) = postSolution
		SolutionGuid = {40B7EA6D-8D3B-43E6-82AF-530E0E70CDC0}
	EndGlobalSection
EndGlobal
