
Microsoft Visual Studio Solution File, Format Version 12.00
# Visual Studio Version 17
VisualStudioVersion = 17.3.32819.101
MinimumVisualStudioVersion = 10.0.40219.1
Project("{FAE04EC0-301F-11D3-BF4B-00C04F79EFBC}") = "SHVFS_P101_GD08_C1_April", "SHVFS_P101_GD08_C1_April\SHVFS_P101_GD08_C1_April.csproj", "{F533489A-5551-40A4-A6BE-4B7BDA87775C}"
EndProject
Global
	GlobalSection(SolutionConfigurationPlatforms) = preSolution
		Debug|Any CPU = Debug|Any CPU
		Release|Any CPU = Release|Any CPU
	EndGlobalSection
	GlobalSection(ProjectConfigurationPlatforms) = postSolution
		{F533489A-5551-40A4-A6BE-4B7BDA87775C}.Debug|Any CPU.ActiveCfg = Debug|Any CPU
		{F533489A-5551-40A4-A6BE-4B7BDA87775C}.Debug|Any CPU.Build.0 = Debug|Any CPU
		{F533489A-5551-40A4-A6BE-4B7BDA87775C}.Release|Any CPU.ActiveCfg = Release|Any CPU
		{F533489A-5551-40A4-A6BE-4B7BDA87775C}.Release|Any CPU.Build.0 = Release|Any CPU
	EndGlobalSection
	GlobalSection(SolutionProperties) = preSolution
		HideSolutionNode = FALSE
	EndGlobalSection
	GlobalSection(ExtensibilityGlobals) = postSolution
		SolutionGuid = {A256158A-EF39-4A42-BAE3-CFEBCBE30FD5}
	EndGlobalSection
EndGlobal
