
Microsoft Visual Studio Solution File, Format Version 12.00
# Visual Studio Version 17
VisualStudioVersion = 17.3.32819.101
MinimumVisualStudioVersion = 10.0.40219.1
Project("{FAE04EC0-301F-11D3-BF4B-00C04F79EFBC}") = "SHVFS_P101_GD08_Q2022-11-11_April", "SHVFS_P101_GD08_Q2022-11-11_April\SHVFS_P101_GD08_Q2022-11-11_April.csproj", "{E340F3A6-5625-4F57-A948-7A0CDE1AE38D}"
EndProject
Global
	GlobalSection(SolutionConfigurationPlatforms) = preSolution
		Debug|Any CPU = Debug|Any CPU
		Release|Any CPU = Release|Any CPU
	EndGlobalSection
	GlobalSection(ProjectConfigurationPlatforms) = postSolution
		{E340F3A6-5625-4F57-A948-7A0CDE1AE38D}.Debug|Any CPU.ActiveCfg = Debug|Any CPU
		{E340F3A6-5625-4F57-A948-7A0CDE1AE38D}.Debug|Any CPU.Build.0 = Debug|Any CPU
		{E340F3A6-5625-4F57-A948-7A0CDE1AE38D}.Release|Any CPU.ActiveCfg = Release|Any CPU
		{E340F3A6-5625-4F57-A948-7A0CDE1AE38D}.Release|Any CPU.Build.0 = Release|Any CPU
	EndGlobalSection
	GlobalSection(SolutionProperties) = preSolution
		HideSolutionNode = FALSE
	EndGlobalSection
	GlobalSection(ExtensibilityGlobals) = postSolution
		SolutionGuid = {805F0D8A-81F8-4130-983B-B627C232F907}
	EndGlobalSection
EndGlobal
